
Microsoft Visual Studio Solution File, Format Version 12.00
# Visual Studio Version 17
VisualStudioVersion = 17.14.36429.23 d17.14
MinimumVisualStudioVersion = 10.0.40219.1
Project("{FAE04EC0-301F-11D3-BF4B-00C04F79EFBC}") = "Autorizacion.Abstracciones", "AutorizacionAbstracciones\Autorizacion.Abstracciones.csproj", "{A39F457B-BCA8-4B6C-8E10-D97A65702C58}"
EndProject
Project("{FAE04EC0-301F-11D3-BF4B-00C04F79EFBC}") = "Autorizacion.DA", "Autorizacion.DA\Autorizacion.DA.csproj", "{06CF5B2F-06BE-4D78-BCCA-EB95FC53FCC8}"
EndProject
Project("{FAE04EC0-301F-11D3-BF4B-00C04F79EFBC}") = "Helpers", "Helpers\Helpers.csproj", "{57B68BDB-4AD1-72E6-BF38-FF4B9A787EA2}"
EndProject
Project("{FAE04EC0-301F-11D3-BF4B-00C04F79EFBC}") = "Autorizacion.BW", "Abstracciones.BW\Autorizacion.BW.csproj", "{32566418-FBD4-4C29-9ED5-5C600EB4B3B1}"
EndProject
Project("{FAE04EC0-301F-11D3-BF4B-00C04F79EFBC}") = "Autorizacion.Middleware", "Autorizacion.Middleware\Autorizacion.Middleware.csproj", "{F558DAD4-D821-4ED9-90C8-8E0C2EE112D0}"
EndProject
Global
	GlobalSection(SolutionConfigurationPlatforms) = preSolution
		Debug|Any CPU = Debug|Any CPU
		Release|Any CPU = Release|Any CPU
	EndGlobalSection
	GlobalSection(ProjectConfigurationPlatforms) = postSolution
		{A39F457B-BCA8-4B6C-8E10-D97A65702C58}.Debug|Any CPU.ActiveCfg = Debug|Any CPU
		{A39F457B-BCA8-4B6C-8E10-D97A65702C58}.Debug|Any CPU.Build.0 = Debug|Any CPU
		{A39F457B-BCA8-4B6C-8E10-D97A65702C58}.Release|Any CPU.ActiveCfg = Release|Any CPU
		{A39F457B-BCA8-4B6C-8E10-D97A65702C58}.Release|Any CPU.Build.0 = Release|Any CPU
		{06CF5B2F-06BE-4D78-BCCA-EB95FC53FCC8}.Debug|Any CPU.ActiveCfg = Debug|Any CPU
		{06CF5B2F-06BE-4D78-BCCA-EB95FC53FCC8}.Debug|Any CPU.Build.0 = Debug|Any CPU
		{06CF5B2F-06BE-4D78-BCCA-EB95FC53FCC8}.Release|Any CPU.ActiveCfg = Release|Any CPU
		{06CF5B2F-06BE-4D78-BCCA-EB95FC53FCC8}.Release|Any CPU.Build.0 = Release|Any CPU
		{57B68BDB-4AD1-72E6-BF38-FF4B9A787EA2}.Debug|Any CPU.ActiveCfg = Debug|Any CPU
		{57B68BDB-4AD1-72E6-BF38-FF4B9A787EA2}.Debug|Any CPU.Build.0 = Debug|Any CPU
		{57B68BDB-4AD1-72E6-BF38-FF4B9A787EA2}.Release|Any CPU.ActiveCfg = Release|Any CPU
		{57B68BDB-4AD1-72E6-BF38-FF4B9A787EA2}.Release|Any CPU.Build.0 = Release|Any CPU
		{32566418-FBD4-4C29-9ED5-5C600EB4B3B1}.Debug|Any CPU.ActiveCfg = Debug|Any CPU
		{32566418-FBD4-4C29-9ED5-5C600EB4B3B1}.Debug|Any CPU.Build.0 = Debug|Any CPU
		{32566418-FBD4-4C29-9ED5-5C600EB4B3B1}.Release|Any CPU.ActiveCfg = Release|Any CPU
		{32566418-FBD4-4C29-9ED5-5C600EB4B3B1}.Release|Any CPU.Build.0 = Release|Any CPU
		{F558DAD4-D821-4ED9-90C8-8E0C2EE112D0}.Debug|Any CPU.ActiveCfg = Debug|Any CPU
		{F558DAD4-D821-4ED9-90C8-8E0C2EE112D0}.Debug|Any CPU.Build.0 = Debug|Any CPU
		{F558DAD4-D821-4ED9-90C8-8E0C2EE112D0}.Release|Any CPU.ActiveCfg = Release|Any CPU
		{F558DAD4-D821-4ED9-90C8-8E0C2EE112D0}.Release|Any CPU.Build.0 = Release|Any CPU
	EndGlobalSection
	GlobalSection(SolutionProperties) = preSolution
		HideSolutionNode = FALSE
	EndGlobalSection
	GlobalSection(ExtensibilityGlobals) = postSolution
		SolutionGuid = {960FABCF-B04C-40D0-AB55-789BA4EFF852}
	EndGlobalSection
EndGlobal
